// !$*UTF8*$!
{
	archiveVersion = 1;
	classes = {
	};
	objectVersion = 56;
	objects = {

/* Begin PBXBuildFile section */
		22D9FE2029C1AB6E00228EA1 /* Quick_TipApp.swift in Sources */ = {isa = PBXBuildFile; fileRef = 22D9FE1F29C1AB6E00228EA1 /* Quick_TipApp.swift */; };
		22D9FE2229C1AB6E00228EA1 /* TipHistoryView.swift in Sources */ = {isa = PBXBuildFile; fileRef = 22D9FE2129C1AB6E00228EA1 /* TipHistoryView.swift */; };
		22D9FE2429C1AB6F00228EA1 /* Assets.xcassets in Resources */ = {isa = PBXBuildFile; fileRef = 22D9FE2329C1AB6F00228EA1 /* Assets.xcassets */; };
		22D9FE2729C1AB6F00228EA1 /* Preview Assets.xcassets in Resources */ = {isa = PBXBuildFile; fileRef = 22D9FE2629C1AB6F00228EA1 /* Preview Assets.xcassets */; };
		22D9FE2929C1AB6F00228EA1 /* Persistence.swift in Sources */ = {isa = PBXBuildFile; fileRef = 22D9FE2829C1AB6F00228EA1 /* Persistence.swift */; };
		22D9FE2C29C1AB6F00228EA1 /* Quick_Tip.xcdatamodeld in Sources */ = {isa = PBXBuildFile; fileRef = 22D9FE2A29C1AB6F00228EA1 /* Quick_Tip.xcdatamodeld */; };
		22D9FE3429C1BE8100228EA1 /* CalculateView.swift in Sources */ = {isa = PBXBuildFile; fileRef = 22D9FE3329C1BE8100228EA1 /* CalculateView.swift */; };
		22D9FE3629C1CE2700228EA1 /* Utils.swift in Sources */ = {isa = PBXBuildFile; fileRef = 22D9FE3529C1CE2700228EA1 /* Utils.swift */; };
/* End PBXBuildFile section */

/* Begin PBXFileReference section */
		2292E2C229C431AF0069C630 /* Quick-Tip-Info.plist */ = {isa = PBXFileReference; lastKnownFileType = text.plist; path = "Quick-Tip-Info.plist"; sourceTree = SOURCE_ROOT; };
		22D9FE1C29C1AB6E00228EA1 /* Quick Tip.app */ = {isa = PBXFileReference; explicitFileType = wrapper.application; includeInIndex = 0; path = "Quick Tip.app"; sourceTree = BUILT_PRODUCTS_DIR; };
		22D9FE1F29C1AB6E00228EA1 /* Quick_TipApp.swift */ = {isa = PBXFileReference; lastKnownFileType = sourcecode.swift; path = Quick_TipApp.swift; sourceTree = "<group>"; };
		22D9FE2129C1AB6E00228EA1 /* TipHistoryView.swift */ = {isa = PBXFileReference; lastKnownFileType = sourcecode.swift; path = TipHistoryView.swift; sourceTree = "<group>"; };
		22D9FE2329C1AB6F00228EA1 /* Assets.xcassets */ = {isa = PBXFileReference; lastKnownFileType = folder.assetcatalog; path = Assets.xcassets; sourceTree = "<group>"; };
		22D9FE2629C1AB6F00228EA1 /* Preview Assets.xcassets */ = {isa = PBXFileReference; lastKnownFileType = folder.assetcatalog; path = "Preview Assets.xcassets"; sourceTree = "<group>"; };
		22D9FE2829C1AB6F00228EA1 /* Persistence.swift */ = {isa = PBXFileReference; lastKnownFileType = sourcecode.swift; path = Persistence.swift; sourceTree = "<group>"; };
		22D9FE2B29C1AB6F00228EA1 /* Quick_Tip.xcdatamodel */ = {isa = PBXFileReference; lastKnownFileType = wrapper.xcdatamodel; path = Quick_Tip.xcdatamodel; sourceTree = "<group>"; };
		22D9FE2D29C1AB6F00228EA1 /* Info.plist */ = {isa = PBXFileReference; lastKnownFileType = text.plist.xml; path = Info.plist; sourceTree = "<group>"; };
		22D9FE3329C1BE8100228EA1 /* CalculateView.swift */ = {isa = PBXFileReference; lastKnownFileType = sourcecode.swift; path = CalculateView.swift; sourceTree = "<group>"; };
		22D9FE3529C1CE2700228EA1 /* Utils.swift */ = {isa = PBXFileReference; lastKnownFileType = sourcecode.swift; path = Utils.swift; sourceTree = "<group>"; };
/* End PBXFileReference section */

/* Begin PBXFrameworksBuildPhase section */
		22D9FE1929C1AB6E00228EA1 /* Frameworks */ = {
			isa = PBXFrameworksBuildPhase;
			buildActionMask = 2147483647;
			files = (
			);
			runOnlyForDeploymentPostprocessing = 0;
		};
/* End PBXFrameworksBuildPhase section */

/* Begin PBXGroup section */
		22D9FE1329C1AB6E00228EA1 = {
			isa = PBXGroup;
			children = (
				22D9FE1E29C1AB6E00228EA1 /* Quick Tip */,
				22D9FE1D29C1AB6E00228EA1 /* Products */,
			);
			sourceTree = "<group>";
		};
		22D9FE1D29C1AB6E00228EA1 /* Products */ = {
			isa = PBXGroup;
			children = (
				22D9FE1C29C1AB6E00228EA1 /* Quick Tip.app */,
			);
			name = Products;
			sourceTree = "<group>";
		};
		22D9FE1E29C1AB6E00228EA1 /* Quick Tip */ = {
			isa = PBXGroup;
			children = (
				2292E2C229C431AF0069C630 /* Quick-Tip-Info.plist */,
				22D9FE1F29C1AB6E00228EA1 /* Quick_TipApp.swift */,
				22D9FE2129C1AB6E00228EA1 /* TipHistoryView.swift */,
				22D9FE3329C1BE8100228EA1 /* CalculateView.swift */,
				22D9FE2329C1AB6F00228EA1 /* Assets.xcassets */,
				22D9FE2829C1AB6F00228EA1 /* Persistence.swift */,
				22D9FE3529C1CE2700228EA1 /* Utils.swift */,
				22D9FE2D29C1AB6F00228EA1 /* Info.plist */,
				22D9FE2A29C1AB6F00228EA1 /* Quick_Tip.xcdatamodeld */,
				22D9FE2529C1AB6F00228EA1 /* Preview Content */,
			);
			path = "Quick Tip";
			sourceTree = "<group>";
		};
		22D9FE2529C1AB6F00228EA1 /* Preview Content */ = {
			isa = PBXGroup;
			children = (
				22D9FE2629C1AB6F00228EA1 /* Preview Assets.xcassets */,
			);
			path = "Preview Content";
			sourceTree = "<group>";
		};
/* End PBXGroup section */

/* Begin PBXNativeTarget section */
		22D9FE1B29C1AB6E00228EA1 /* Quick Tip */ = {
			isa = PBXNativeTarget;
			buildConfigurationList = 22D9FE3029C1AB6F00228EA1 /* Build configuration list for PBXNativeTarget "Quick Tip" */;
			buildPhases = (
				22D9FE1829C1AB6E00228EA1 /* Sources */,
				22D9FE1929C1AB6E00228EA1 /* Frameworks */,
				22D9FE1A29C1AB6E00228EA1 /* Resources */,
			);
			buildRules = (
			);
			dependencies = (
			);
			name = "Quick Tip";
			productName = "Quick Tip";
			productReference = 22D9FE1C29C1AB6E00228EA1 /* Quick Tip.app */;
			productType = "com.apple.product-type.application";
		};
/* End PBXNativeTarget section */

/* Begin PBXProject section */
		22D9FE1429C1AB6E00228EA1 /* Project object */ = {
			isa = PBXProject;
			attributes = {
				BuildIndependentTargetsInParallel = 1;
				LastSwiftUpdateCheck = 1420;
				LastUpgradeCheck = 1420;
				TargetAttributes = {
					22D9FE1B29C1AB6E00228EA1 = {
						CreatedOnToolsVersion = 14.2;
					};
				};
			};
			buildConfigurationList = 22D9FE1729C1AB6E00228EA1 /* Build configuration list for PBXProject "Quick Tip" */;
			compatibilityVersion = "Xcode 14.0";
			developmentRegion = en;
			hasScannedForEncodings = 0;
			knownRegions = (
				en,
				Base,
			);
			mainGroup = 22D9FE1329C1AB6E00228EA1;
			productRefGroup = 22D9FE1D29C1AB6E00228EA1 /* Products */;
			projectDirPath = "";
			projectRoot = "";
			targets = (
				22D9FE1B29C1AB6E00228EA1 /* Quick Tip */,
			);
		};
/* End PBXProject section */

/* Begin PBXResourcesBuildPhase section */
		22D9FE1A29C1AB6E00228EA1 /* Resources */ = {
			isa = PBXResourcesBuildPhase;
			buildActionMask = 2147483647;
			files = (
				22D9FE2729C1AB6F00228EA1 /* Preview Assets.xcassets in Resources */,
				22D9FE2429C1AB6F00228EA1 /* Assets.xcassets in Resources */,
			);
			runOnlyForDeploymentPostprocessing = 0;
		};
/* End PBXResourcesBuildPhase section */

/* Begin PBXSourcesBuildPhase section */
		22D9FE1829C1AB6E00228EA1 /* Sources */ = {
			isa = PBXSourcesBuildPhase;
			buildActionMask = 2147483647;
			files = (
				22D9FE2929C1AB6F00228EA1 /* Persistence.swift in Sources */,
				22D9FE2229C1AB6E00228EA1 /* TipHistoryView.swift in Sources */,
				22D9FE2029C1AB6E00228EA1 /* Quick_TipApp.swift in Sources */,
				22D9FE3429C1BE8100228EA1 /* CalculateView.swift in Sources */,
				22D9FE2C29C1AB6F00228EA1 /* Quick_Tip.xcdatamodeld in Sources */,
				22D9FE3629C1CE2700228EA1 /* Utils.swift in Sources */,
			);
			runOnlyForDeploymentPostprocessing = 0;
		};
/* End PBXSourcesBuildPhase section */

/* Begin XCBuildConfiguration section */
		22D9FE2E29C1AB6F00228EA1 /* Debug */ = {
			isa = XCBuildConfiguration;
			buildSettings = {
				ALWAYS_SEARCH_USER_PATHS = NO;
				CLANG_ANALYZER_NONNULL = YES;
				CLANG_ANALYZER_NUMBER_OBJECT_CONVERSION = YES_AGGRESSIVE;
				CLANG_CXX_LANGUAGE_STANDARD = "gnu++20";
				CLANG_ENABLE_MODULES = YES;
				CLANG_ENABLE_OBJC_ARC = YES;
				CLANG_ENABLE_OBJC_WEAK = YES;
				CLANG_WARN_BLOCK_CAPTURE_AUTORELEASING = YES;
				CLANG_WARN_BOOL_CONVERSION = YES;
				CLANG_WARN_COMMA = YES;
				CLANG_WARN_CONSTANT_CONVERSION = YES;
				CLANG_WARN_DEPRECATED_OBJC_IMPLEMENTATIONS = YES;
				CLANG_WARN_DIRECT_OBJC_ISA_USAGE = YES_ERROR;
				CLANG_WARN_DOCUMENTATION_COMMENTS = YES;
				CLANG_WARN_EMPTY_BODY = YES;
				CLANG_WARN_ENUM_CONVERSION = YES;
				CLANG_WARN_INFINITE_RECURSION = YES;
				CLANG_WARN_INT_CONVERSION = YES;
				CLANG_WARN_NON_LITERAL_NULL_CONVERSION = YES;
				CLANG_WARN_OBJC_IMPLICIT_RETAIN_SELF = YES;
				CLANG_WARN_OBJC_LITERAL_CONVERSION = YES;
				CLANG_WARN_OBJC_ROOT_CLASS = YES_ERROR;
				CLANG_WARN_QUOTED_INCLUDE_IN_FRAMEWORK_HEADER = YES;
				CLANG_WARN_RANGE_LOOP_ANALYSIS = YES;
				CLANG_WARN_STRICT_PROTOTYPES = YES;
				CLANG_WARN_SUSPICIOUS_MOVE = YES;
				CLANG_WARN_UNGUARDED_AVAILABILITY = YES_AGGRESSIVE;
				CLANG_WARN_UNREACHABLE_CODE = YES;
				CLANG_WARN__DUPLICATE_METHOD_MATCH = YES;
				COPY_PHASE_STRIP = NO;
				DEBUG_INFORMATION_FORMAT = dwarf;
				ENABLE_STRICT_OBJC_MSGSEND = YES;
				ENABLE_TESTABILITY = YES;
				GCC_C_LANGUAGE_STANDARD = gnu11;
				GCC_DYNAMIC_NO_PIC = NO;
				GCC_NO_COMMON_BLOCKS = YES;
				GCC_OPTIMIZATION_LEVEL = 0;
				GCC_PREPROCESSOR_DEFINITIONS = (
					"DEBUG=1",
					"$(inherited)",
				);
				GCC_WARN_64_TO_32_BIT_CONVERSION = YES;
				GCC_WARN_ABOUT_RETURN_TYPE = YES_ERROR;
				GCC_WARN_UNDECLARED_SELECTOR = YES;
				GCC_WARN_UNINITIALIZED_AUTOS = YES_AGGRESSIVE;
				GCC_WARN_UNUSED_FUNCTION = YES;
				GCC_WARN_UNUSED_VARIABLE = YES;
				IPHONEOS_DEPLOYMENT_TARGET = 16.2;
				MTL_ENABLE_DEBUG_INFO = INCLUDE_SOURCE;
				MTL_FAST_MATH = YES;
				ONLY_ACTIVE_ARCH = YES;
				SDKROOT = iphoneos;
				SWIFT_ACTIVE_COMPILATION_CONDITIONS = DEBUG;
				SWIFT_OPTIMIZATION_LEVEL = "-Onone";
			};
			name = Debug;
		};
		22D9FE2F29C1AB6F00228EA1 /* Release */ = {
			isa = XCBuildConfiguration;
			buildSettings = {
				ALWAYS_SEARCH_USER_PATHS = NO;
				CLANG_ANALYZER_NONNULL = YES;
				CLANG_ANALYZER_NUMBER_OBJECT_CONVERSION = YES_AGGRESSIVE;
				CLANG_CXX_LANGUAGE_STANDARD = "gnu++20";
				CLANG_ENABLE_MODULES = YES;
				CLANG_ENABLE_OBJC_ARC = YES;
				CLANG_ENABLE_OBJC_WEAK = YES;
				CLANG_WARN_BLOCK_CAPTURE_AUTORELEASING = YES;
				CLANG_WARN_BOOL_CONVERSION = YES;
				CLANG_WARN_COMMA = YES;
				CLANG_WARN_CONSTANT_CONVERSION = YES;
				CLANG_WARN_DEPRECATED_OBJC_IMPLEMENTATIONS = YES;
				CLANG_WARN_DIRECT_OBJC_ISA_USAGE = YES_ERROR;
				CLANG_WARN_DOCUMENTATION_COMMENTS = YES;
				CLANG_WARN_EMPTY_BODY = YES;
				CLANG_WARN_ENUM_CONVERSION = YES;
				CLANG_WARN_INFINITE_RECURSION = YES;
				CLANG_WARN_INT_CONVERSION = YES;
				CLANG_WARN_NON_LITERAL_NULL_CONVERSION = YES;
				CLANG_WARN_OBJC_IMPLICIT_RETAIN_SELF = YES;
				CLANG_WARN_OBJC_LITERAL_CONVERSION = YES;
				CLANG_WARN_OBJC_ROOT_CLASS = YES_ERROR;
				CLANG_WARN_QUOTED_INCLUDE_IN_FRAMEWORK_HEADER = YES;
				CLANG_WARN_RANGE_LOOP_ANALYSIS = YES;
				CLANG_WARN_STRICT_PROTOTYPES = YES;
				CLANG_WARN_SUSPICIOUS_MOVE = YES;
				CLANG_WARN_UNGUARDED_AVAILABILITY = YES_AGGRESSIVE;
				CLANG_WARN_UNREACHABLE_CODE = YES;
				CLANG_WARN__DUPLICATE_METHOD_MATCH = YES;
				COPY_PHASE_STRIP = NO;
				DEBUG_INFORMATION_FORMAT = "dwarf-with-dsym";
				ENABLE_NS_ASSERTIONS = NO;
				ENABLE_STRICT_OBJC_MSGSEND = YES;
				GCC_C_LANGUAGE_STANDARD = gnu11;
				GCC_NO_COMMON_BLOCKS = YES;
				GCC_WARN_64_TO_32_BIT_CONVERSION = YES;
				GCC_WARN_ABOUT_RETURN_TYPE = YES_ERROR;
				GCC_WARN_UNDECLARED_SELECTOR = YES;
				GCC_WARN_UNINITIALIZED_AUTOS = YES_AGGRESSIVE;
				GCC_WARN_UNUSED_FUNCTION = YES;
				GCC_WARN_UNUSED_VARIABLE = YES;
				IPHONEOS_DEPLOYMENT_TARGET = 16.2;
				MTL_ENABLE_DEBUG_INFO = NO;
				MTL_FAST_MATH = YES;
				SDKROOT = iphoneos;
				SWIFT_COMPILATION_MODE = wholemodule;
				SWIFT_OPTIMIZATION_LEVEL = "-O";
				VALIDATE_PRODUCT = YES;
			};
			name = Release;
		};
		22D9FE3129C1AB6F00228EA1 /* Debug */ = {
			isa = XCBuildConfiguration;
			buildSettings = {
				ASSETCATALOG_COMPILER_APPICON_NAME = AppIcon;
				ASSETCATALOG_COMPILER_GLOBAL_ACCENT_COLOR_NAME = AccentColor;
				CODE_SIGN_STYLE = Automatic;
				CURRENT_PROJECT_VERSION = 1;
				DEVELOPMENT_ASSET_PATHS = "\"Quick Tip/Preview Content\"";
				DEVELOPMENT_TEAM = WZ53P9U5LX;
				ENABLE_PREVIEWS = YES;
				GENERATE_INFOPLIST_FILE = YES;
				INFOPLIST_FILE = "Quick-Tip-Info.plist";
				INFOPLIST_KEY_UIApplicationSupportsIndirectInputEvents = YES;
				INFOPLIST_KEY_UILaunchScreen_Generation = YES;
				INFOPLIST_KEY_UISupportedInterfaceOrientations_iPad = "UIInterfaceOrientationPortrait UIInterfaceOrientationPortraitUpsideDown UIInterfaceOrientationLandscapeLeft UIInterfaceOrientationLandscapeRight";
				INFOPLIST_KEY_UISupportedInterfaceOrientations_iPhone = "UIInterfaceOrientationPortrait UIInterfaceOrientationLandscapeLeft UIInterfaceOrientationLandscapeRight";
				LD_RUNPATH_SEARCH_PATHS = (
					"$(inherited)",
					"@executable_path/Frameworks",
				);
				MARKETING_VERSION = 1.0;
				PRODUCT_BUNDLE_IDENTIFIER = "com.zijiandesign.Quick-Tip";
				PRODUCT_NAME = "$(TARGET_NAME)";
				SWIFT_EMIT_LOC_STRINGS = YES;
				SWIFT_VERSION = 5.0;
				TARGETED_DEVICE_FAMILY = "1,2";
			};
			name = Debug;
		};
		22D9FE3229C1AB6F00228EA1 /* Release */ = {
			isa = XCBuildConfiguration;
			buildSettings = {
				ASSETCATALOG_COMPILER_APPICON_NAME = AppIcon;
				ASSETCATALOG_COMPILER_GLOBAL_ACCENT_COLOR_NAME = AccentColor;
				CODE_SIGN_STYLE = Automatic;
				CURRENT_PROJECT_VERSION = 1;
				DEVELOPMENT_ASSET_PATHS = "\"Quick Tip/Preview Content\"";
				DEVELOPMENT_TEAM = WZ53P9U5LX;
				ENABLE_PREVIEWS = YES;
				GENERATE_INFOPLIST_FILE = YES;
				INFOPLIST_FILE = "Quick-Tip-Info.plist";
				INFOPLIST_KEY_UIApplicationSupportsIndirectInputEvents = YES;
				INFOPLIST_KEY_UILaunchScreen_Generation = YES;
				INFOPLIST_KEY_UISupportedInterfaceOrientations_iPad = "UIInterfaceOrientationPortrait UIInterfaceOrientationPortraitUpsideDown UIInterfaceOrientationLandscapeLeft UIInterfaceOrientationLandscapeRight";
				INFOPLIST_KEY_UISupportedInterfaceOrientations_iPhone = "UIInterfaceOrientationPortrait UIInterfaceOrientationLandscapeLeft UIInterfaceOrientationLandscapeRight";
				LD_RUNPATH_SEARCH_PATHS = (
					"$(inherited)",
					"@executable_path/Frameworks",
				);
				MARKETING_VERSION = 1.0;
				PRODUCT_BUNDLE_IDENTIFIER = "com.zijiandesign.Quick-Tip";
				PRODUCT_NAME = "$(TARGET_NAME)";
				SWIFT_EMIT_LOC_STRINGS = YES;
				SWIFT_VERSION = 5.0;
				TARGETED_DEVICE_FAMILY = "1,2";
			};
			name = Release;
		};
/* End XCBuildConfiguration section */

/* Begin XCConfigurationList section */
		22D9FE1729C1AB6E00228EA1 /* Build configuration list for PBXProject "Quick Tip" */ = {
			isa = XCConfigurationList;
			buildConfigurations = (
				22D9FE2E29C1AB6F00228EA1 /* Debug */,
				22D9FE2F29C1AB6F00228EA1 /* Release */,
			);
			defaultConfigurationIsVisible = 0;
			defaultConfigurationName = Release;
		};
		22D9FE3029C1AB6F00228EA1 /* Build configuration list for PBXNativeTarget "Quick Tip" */ = {
			isa = XCConfigurationList;
			buildConfigurations = (
				22D9FE3129C1AB6F00228EA1 /* Debug */,
				22D9FE3229C1AB6F00228EA1 /* Release */,
			);
			defaultConfigurationIsVisible = 0;
			defaultConfigurationName = Release;
		};
/* End XCConfigurationList section */

/* Begin XCVersionGroup section */
		22D9FE2A29C1AB6F00228EA1 /* Quick_Tip.xcdatamodeld */ = {
			isa = XCVersionGroup;
			children = (
				22D9FE2B29C1AB6F00228EA1 /* Quick_Tip.xcdatamodel */,
			);
			currentVersion = 22D9FE2B29C1AB6F00228EA1 /* Quick_Tip.xcdatamodel */;
			path = Quick_Tip.xcdatamodeld;
			sourceTree = "<group>";
			versionGroupType = wrapper.xcdatamodel;
		};
/* End XCVersionGroup section */
	};
	rootObject = 22D9FE1429C1AB6E00228EA1 /* Project object */;
}
